
Microsoft Visual Studio Solution File, Format Version 11.00
# Visual Studio Version 17

Project("{8BC9CEB8-8B4A-11D0-8D11-00A0C91BC942}") = "NeuralPlugin - Standalone Plugin", "NeuralPlugin_StandalonePlugin.vcxproj", "{B245D036-E2A9-413D-BB1A-85849DDCCF72}"
	ProjectSection(ProjectDependencies) = postProject
		{C1EBCEE1-CF79-9248-1020-77074F3B16F6} = {C1EBCEE1-CF79-9248-1020-77074F3B16F6}
	EndProjectSection
EndProject
Project("{8BC9CEB8-8B4A-11D0-8D11-00A0C91BC942}") = "NeuralPlugin - VST3", "NeuralPlugin_VST3.vcxproj", "{4878A308-FEE4-5C95-F39C-53031AEEDEDD}"
	ProjectSection(ProjectDependencies) = postProject
		{C1EBCEE1-CF79-9248-1020-77074F3B16F6} = {C1EBCEE1-CF79-9248-1020-77074F3B16F6}
	EndProjectSection
EndProject
Project("{8BC9CEB8-8B4A-11D0-8D11-00A0C91BC942}") = "NeuralPlugin - Shared Code", "NeuralPlugin_SharedCode.vcxproj", "{C1EBCEE1-CF79-9248-1020-77074F3B16F6}"
EndProject
Global
	GlobalSection(SolutionConfigurationPlatforms) = preSolution
		Debug|x64 = Debug|x64
		Release|x64 = Release|x64
	EndGlobalSection
	GlobalSection(ProjectConfigurationPlatforms) = postSolution
		{4878A308-FEE4-5C95-F39C-53031AEEDEDD}.Debug|x64.ActiveCfg = Debug|x64
		{4878A308-FEE4-5C95-F39C-53031AEEDEDD}.Debug|x64.Build.0 = Debug|x64
		{4878A308-FEE4-5C95-F39C-53031AEEDEDD}.Release|x64.ActiveCfg = Release|x64
		{4878A308-FEE4-5C95-F39C-53031AEEDEDD}.Release|x64.Build.0 = Release|x64
		{B245D036-E2A9-413D-BB1A-85849DDCCF72}.Debug|x64.ActiveCfg = Debug|x64
		{B245D036-E2A9-413D-BB1A-85849DDCCF72}.Debug|x64.Build.0 = Debug|x64
		{B245D036-E2A9-413D-BB1A-85849DDCCF72}.Release|x64.ActiveCfg = Release|x64
		{B245D036-E2A9-413D-BB1A-85849DDCCF72}.Release|x64.Build.0 = Release|x64
		{C1EBCEE1-CF79-9248-1020-77074F3B16F6}.Debug|x64.ActiveCfg = Debug|x64
		{C1EBCEE1-CF79-9248-1020-77074F3B16F6}.Debug|x64.Build.0 = Debug|x64
		{C1EBCEE1-CF79-9248-1020-77074F3B16F6}.Release|x64.ActiveCfg = Release|x64
		{C1EBCEE1-CF79-9248-1020-77074F3B16F6}.Release|x64.Build.0 = Release|x64
	EndGlobalSection
	GlobalSection(SolutionProperties) = preSolution
		HideSolutionNode = FALSE
	EndGlobalSection
EndGlobal
