
Microsoft Visual Studio Solution File, Format Version 11.00
# Visual Studio Version 17

Project("{8BC9CEB8-8B4A-11D0-8D11-00A0C91BC942}") = "NeuralPlugin - Standalone Plugin", "NeuralPlugin_StandalonePlugin.vcxproj", "{31C937A1-4989-9CBF-C46A-BFF5DF87D427}"
	ProjectSection(ProjectDependencies) = postProject
		{79A93651-AF00-F0A7-8D3D-237015D7A365} = {79A93651-AF00-F0A7-8D3D-237015D7A365}
	EndProjectSection
EndProject
Project("{8BC9CEB8-8B4A-11D0-8D11-00A0C91BC942}") = "NeuralPlugin - VST3", "NeuralPlugin_VST3.vcxproj", "{46756E69-1E58-2E04-7534-0E6B315DB126}"
	ProjectSection(ProjectDependencies) = postProject
		{79A93651-AF00-F0A7-8D3D-237015D7A365} = {79A93651-AF00-F0A7-8D3D-237015D7A365}
	EndProjectSection
EndProject
Project("{8BC9CEB8-8B4A-11D0-8D11-00A0C91BC942}") = "NeuralPlugin - Shared Code", "NeuralPlugin_SharedCode.vcxproj", "{79A93651-AF00-F0A7-8D3D-237015D7A365}"
EndProject
Global
	GlobalSection(SolutionConfigurationPlatforms) = preSolution
		Debug|x64 = Debug|x64
		Release|x64 = Release|x64
	EndGlobalSection
	GlobalSection(ProjectConfigurationPlatforms) = postSolution
		{46756E69-1E58-2E04-7534-0E6B315DB126}.Debug|x64.ActiveCfg = Debug|x64
		{46756E69-1E58-2E04-7534-0E6B315DB126}.Debug|x64.Build.0 = Debug|x64
		{46756E69-1E58-2E04-7534-0E6B315DB126}.Release|x64.ActiveCfg = Release|x64
		{46756E69-1E58-2E04-7534-0E6B315DB126}.Release|x64.Build.0 = Release|x64
		{31C937A1-4989-9CBF-C46A-BFF5DF87D427}.Debug|x64.ActiveCfg = Debug|x64
		{31C937A1-4989-9CBF-C46A-BFF5DF87D427}.Debug|x64.Build.0 = Debug|x64
		{31C937A1-4989-9CBF-C46A-BFF5DF87D427}.Release|x64.ActiveCfg = Release|x64
		{31C937A1-4989-9CBF-C46A-BFF5DF87D427}.Release|x64.Build.0 = Release|x64
		{79A93651-AF00-F0A7-8D3D-237015D7A365}.Debug|x64.ActiveCfg = Debug|x64
		{79A93651-AF00-F0A7-8D3D-237015D7A365}.Debug|x64.Build.0 = Debug|x64
		{79A93651-AF00-F0A7-8D3D-237015D7A365}.Release|x64.ActiveCfg = Release|x64
		{79A93651-AF00-F0A7-8D3D-237015D7A365}.Release|x64.Build.0 = Release|x64
	EndGlobalSection
	GlobalSection(SolutionProperties) = preSolution
		HideSolutionNode = FALSE
	EndGlobalSection
EndGlobal
